
Microsoft Visual Studio Solution File, Format Version 12.00
# Visual Studio Version 16
VisualStudioVersion = 16.0.30907.101
MinimumVisualStudioVersion = 10.0.40219.1
Project("{FAE04EC0-301F-11D3-BF4B-00C04F79EFBC}") = "FormsSample.UWP", "FormsSample\FormsSample.UWP\FormsSample.UWP.csproj", "{98634CE5-3874-4457-9CE3-97856F277431}"
EndProject
Project("{FAE04EC0-301F-11D3-BF4B-00C04F79EFBC}") = "FormsSample.Android", "FormsSample\FormsSample.Android\FormsSample.Android.csproj", "{B3A085C5-07B3-480F-B0C3-94B7D37B71D0}"
EndProject
Project("{FAE04EC0-301F-11D3-BF4B-00C04F79EFBC}") = "FormsSample.iOS", "FormsSample\FormsSample.iOS\FormsSample.iOS.csproj", "{F5BDDED8-86C4-493B-8253-302C1410A8E2}"
EndProject
Project("{FAE04EC0-301F-11D3-BF4B-00C04F79EFBC}") = "FormsSample", "FormsSample\FormsSample\FormsSample.csproj", "{AFF84A3F-65A3-48E7-BB87-E163C700F85E}"
EndProject
Global
	GlobalSection(SolutionConfigurationPlatforms) = preSolution
		Debug|Any CPU = Debug|Any CPU
		Debug|ARM = Debug|ARM
		Debug|iPhone = Debug|iPhone
		Debug|iPhoneSimulator = Debug|iPhoneSimulator
		Debug|x64 = Debug|x64
		Debug|x86 = Debug|x86
		Release|Any CPU = Release|Any CPU
		Release|ARM = Release|ARM
		Release|iPhone = Release|iPhone
		Release|iPhoneSimulator = Release|iPhoneSimulator
		Release|x64 = Release|x64
		Release|x86 = Release|x86
	EndGlobalSection
	GlobalSection(ProjectConfigurationPlatforms) = postSolution
		{98634CE5-3874-4457-9CE3-97856F277431}.Debug|Any CPU.ActiveCfg = Debug|x86
		{98634CE5-3874-4457-9CE3-97856F277431}.Debug|Any CPU.Build.0 = Debug|x86
		{98634CE5-3874-4457-9CE3-97856F277431}.Debug|Any CPU.Deploy.0 = Debug|x86
		{98634CE5-3874-4457-9CE3-97856F277431}.Debug|ARM.ActiveCfg = Debug|ARM
		{98634CE5-3874-4457-9CE3-97856F277431}.Debug|ARM.Build.0 = Debug|ARM
		{98634CE5-3874-4457-9CE3-97856F277431}.Debug|ARM.Deploy.0 = Debug|ARM
		{98634CE5-3874-4457-9CE3-97856F277431}.Debug|iPhone.ActiveCfg = Debug|x86
		{98634CE5-3874-4457-9CE3-97856F277431}.Debug|iPhone.Build.0 = Debug|x86
		{98634CE5-3874-4457-9CE3-97856F277431}.Debug|iPhone.Deploy.0 = Debug|x86
		{98634CE5-3874-4457-9CE3-97856F277431}.Debug|iPhoneSimulator.ActiveCfg = Debug|x86
		{98634CE5-3874-4457-9CE3-97856F277431}.Debug|iPhoneSimulator.Build.0 = Debug|x86
		{98634CE5-3874-4457-9CE3-97856F277431}.Debug|iPhoneSimulator.Deploy.0 = Debug|x86
		{98634CE5-3874-4457-9CE3-97856F277431}.Debug|x64.ActiveCfg = Debug|x64
		{98634CE5-3874-4457-9CE3-97856F277431}.Debug|x64.Build.0 = Debug|x64
		{98634CE5-3874-4457-9CE3-97856F277431}.Debug|x64.Deploy.0 = Debug|x64
		{98634CE5-3874-4457-9CE3-97856F277431}.Debug|x86.ActiveCfg = Debug|x86
		{98634CE5-3874-4457-9CE3-97856F277431}.Debug|x86.Build.0 = Debug|x86
		{98634CE5-3874-4457-9CE3-97856F277431}.Debug|x86.Deploy.0 = Debug|x86
		{98634CE5-3874-4457-9CE3-97856F277431}.Release|Any CPU.ActiveCfg = Release|x86
		{98634CE5-3874-4457-9CE3-97856F277431}.Release|Any CPU.Build.0 = Release|x86
		{98634CE5-3874-4457-9CE3-97856F277431}.Release|Any CPU.Deploy.0 = Release|x86
		{98634CE5-3874-4457-9CE3-97856F277431}.Release|ARM.ActiveCfg = Release|ARM
		{98634CE5-3874-4457-9CE3-97856F277431}.Release|ARM.Build.0 = Release|ARM
		{98634CE5-3874-4457-9CE3-97856F277431}.Release|ARM.Deploy.0 = Release|ARM
		{98634CE5-3874-4457-9CE3-97856F277431}.Release|iPhone.ActiveCfg = Release|x86
		{98634CE5-3874-4457-9CE3-97856F277431}.Release|iPhone.Build.0 = Release|x86
		{98634CE5-3874-4457-9CE3-97856F277431}.Release|iPhone.Deploy.0 = Release|x86
		{98634CE5-3874-4457-9CE3-97856F277431}.Release|iPhoneSimulator.ActiveCfg = Release|x86
		{98634CE5-3874-4457-9CE3-97856F277431}.Release|iPhoneSimulator.Build.0 = Release|x86
		{98634CE5-3874-4457-9CE3-97856F277431}.Release|iPhoneSimulator.Deploy.0 = Release|x86
		{98634CE5-3874-4457-9CE3-97856F277431}.Release|x64.ActiveCfg = Release|x64
		{98634CE5-3874-4457-9CE3-97856F277431}.Release|x64.Build.0 = Release|x64
		{98634CE5-3874-4457-9CE3-97856F277431}.Release|x64.Deploy.0 = Release|x64
		{98634CE5-3874-4457-9CE3-97856F277431}.Release|x86.ActiveCfg = Release|x86
		{98634CE5-3874-4457-9CE3-97856F277431}.Release|x86.Build.0 = Release|x86
		{98634CE5-3874-4457-9CE3-97856F277431}.Release|x86.Deploy.0 = Release|x86
		{B3A085C5-07B3-480F-B0C3-94B7D37B71D0}.Debug|Any CPU.ActiveCfg = Debug|Any CPU
		{B3A085C5-07B3-480F-B0C3-94B7D37B71D0}.Debug|Any CPU.Build.0 = Debug|Any CPU
		{B3A085C5-07B3-480F-B0C3-94B7D37B71D0}.Debug|Any CPU.Deploy.0 = Debug|Any CPU
		{B3A085C5-07B3-480F-B0C3-94B7D37B71D0}.Debug|ARM.ActiveCfg = Debug|Any CPU
		{B3A085C5-07B3-480F-B0C3-94B7D37B71D0}.Debug|ARM.Build.0 = Debug|Any CPU
		{B3A085C5-07B3-480F-B0C3-94B7D37B71D0}.Debug|ARM.Deploy.0 = Debug|Any CPU
		{B3A085C5-07B3-480F-B0C3-94B7D37B71D0}.Debug|iPhone.ActiveCfg = Debug|Any CPU
		{B3A085C5-07B3-480F-B0C3-94B7D37B71D0}.Debug|iPhone.Build.0 = Debug|Any CPU
		{B3A085C5-07B3-480F-B0C3-94B7D37B71D0}.Debug|iPhone.Deploy.0 = Debug|Any CPU
		{B3A085C5-07B3-480F-B0C3-94B7D37B71D0}.Debug|iPhoneSimulator.ActiveCfg = Debug|Any CPU
		{B3A085C5-07B3-480F-B0C3-94B7D37B71D0}.Debug|iPhoneSimulator.Build.0 = Debug|Any CPU
		{B3A085C5-07B3-480F-B0C3-94B7D37B71D0}.Debug|iPhoneSimulator.Deploy.0 = Debug|Any CPU
		{B3A085C5-07B3-480F-B0C3-94B7D37B71D0}.Debug|x64.ActiveCfg = Debug|Any CPU
		{B3A085C5-07B3-480F-B0C3-94B7D37B71D0}.Debug|x64.Build.0 = Debug|Any CPU
		{B3A085C5-07B3-480F-B0C3-94B7D37B71D0}.Debug|x64.Deploy.0 = Debug|Any CPU
		{B3A085C5-07B3-480F-B0C3-94B7D37B71D0}.Debug|x86.ActiveCfg = Debug|Any CPU
		{B3A085C5-07B3-480F-B0C3-94B7D37B71D0}.Debug|x86.Build.0 = Debug|Any CPU
		{B3A085C5-07B3-480F-B0C3-94B7D37B71D0}.Debug|x86.Deploy.0 = Debug|Any CPU
		{B3A085C5-07B3-480F-B0C3-94B7D37B71D0}.Release|Any CPU.ActiveCfg = Release|Any CPU
		{B3A085C5-07B3-480F-B0C3-94B7D37B71D0}.Release|Any CPU.Build.0 = Release|Any CPU
		{B3A085C5-07B3-480F-B0C3-94B7D37B71D0}.Release|Any CPU.Deploy.0 = Release|Any CPU
		{B3A085C5-07B3-480F-B0C3-94B7D37B71D0}.Release|ARM.ActiveCfg = Release|Any CPU
		{B3A085C5-07B3-480F-B0C3-94B7D37B71D0}.Release|ARM.Build.0 = Release|Any CPU
		{B3A085C5-07B3-480F-B0C3-94B7D37B71D0}.Release|ARM.Deploy.0 = Release|Any CPU
		{B3A085C5-07B3-480F-B0C3-94B7D37B71D0}.Release|iPhone.ActiveCfg = Release|Any CPU
		{B3A085C5-07B3-480F-B0C3-94B7D37B71D0}.Release|iPhone.Build.0 = Release|Any CPU
		{B3A085C5-07B3-480F-B0C3-94B7D37B71D0}.Release|iPhone.Deploy.0 = Release|Any CPU
		{B3A085C5-07B3-480F-B0C3-94B7D37B71D0}.Release|iPhoneSimulator.ActiveCfg = Release|Any CPU
		{B3A085C5-07B3-480F-B0C3-94B7D37B71D0}.Release|iPhoneSimulator.Build.0 = Release|Any CPU
		{B3A085C5-07B3-480F-B0C3-94B7D37B71D0}.Release|iPhoneSimulator.Deploy.0 = Release|Any CPU
		{B3A085C5-07B3-480F-B0C3-94B7D37B71D0}.Release|x64.ActiveCfg = Release|Any CPU
		{B3A085C5-07B3-480F-B0C3-94B7D37B71D0}.Release|x64.Build.0 = Release|Any CPU
		{B3A085C5-07B3-480F-B0C3-94B7D37B71D0}.Release|x64.Deploy.0 = Release|Any CPU
		{B3A085C5-07B3-480F-B0C3-94B7D37B71D0}.Release|x86.ActiveCfg = Release|Any CPU
		{B3A085C5-07B3-480F-B0C3-94B7D37B71D0}.Release|x86.Build.0 = Release|Any CPU
		{B3A085C5-07B3-480F-B0C3-94B7D37B71D0}.Release|x86.Deploy.0 = Release|Any CPU
		{F5BDDED8-86C4-493B-8253-302C1410A8E2}.Debug|Any CPU.ActiveCfg = Debug|iPhoneSimulator
		{F5BDDED8-86C4-493B-8253-302C1410A8E2}.Debug|Any CPU.Build.0 = Debug|iPhoneSimulator
		{F5BDDED8-86C4-493B-8253-302C1410A8E2}.Debug|Any CPU.Deploy.0 = Debug|iPhoneSimulator
		{F5BDDED8-86C4-493B-8253-302C1410A8E2}.Debug|ARM.ActiveCfg = Debug|iPhone
		{F5BDDED8-86C4-493B-8253-302C1410A8E2}.Debug|ARM.Build.0 = Debug|iPhone
		{F5BDDED8-86C4-493B-8253-302C1410A8E2}.Debug|ARM.Deploy.0 = Debug|iPhone
		{F5BDDED8-86C4-493B-8253-302C1410A8E2}.Debug|iPhone.ActiveCfg = Debug|iPhone
		{F5BDDED8-86C4-493B-8253-302C1410A8E2}.Debug|iPhone.Build.0 = Debug|iPhone
		{F5BDDED8-86C4-493B-8253-302C1410A8E2}.Debug|iPhone.Deploy.0 = Debug|iPhone
		{F5BDDED8-86C4-493B-8253-302C1410A8E2}.Debug|iPhoneSimulator.ActiveCfg = Debug|iPhoneSimulator
		{F5BDDED8-86C4-493B-8253-302C1410A8E2}.Debug|iPhoneSimulator.Build.0 = Debug|iPhoneSimulator
		{F5BDDED8-86C4-493B-8253-302C1410A8E2}.Debug|iPhoneSimulator.Deploy.0 = Debug|iPhoneSimulator
		{F5BDDED8-86C4-493B-8253-302C1410A8E2}.Debug|x64.ActiveCfg = Debug|iPhoneSimulator
		{F5BDDED8-86C4-493B-8253-302C1410A8E2}.Debug|x64.Build.0 = Debug|iPhoneSimulator
		{F5BDDED8-86C4-493B-8253-302C1410A8E2}.Debug|x64.Deploy.0 = Debug|iPhoneSimulator
		{F5BDDED8-86C4-493B-8253-302C1410A8E2}.Debug|x86.ActiveCfg = Debug|iPhoneSimulator
		{F5BDDED8-86C4-493B-8253-302C1410A8E2}.Debug|x86.Build.0 = Debug|iPhoneSimulator
		{F5BDDED8-86C4-493B-8253-302C1410A8E2}.Debug|x86.Deploy.0 = Debug|iPhoneSimulator
		{F5BDDED8-86C4-493B-8253-302C1410A8E2}.Release|Any CPU.ActiveCfg = Release|iPhoneSimulator
		{F5BDDED8-86C4-493B-8253-302C1410A8E2}.Release|Any CPU.Build.0 = Release|iPhoneSimulator
		{F5BDDED8-86C4-493B-8253-302C1410A8E2}.Release|Any CPU.Deploy.0 = Release|iPhoneSimulator
		{F5BDDED8-86C4-493B-8253-302C1410A8E2}.Release|ARM.ActiveCfg = Release|iPhoneSimulator
		{F5BDDED8-86C4-493B-8253-302C1410A8E2}.Release|ARM.Build.0 = Release|iPhoneSimulator
		{F5BDDED8-86C4-493B-8253-302C1410A8E2}.Release|ARM.Deploy.0 = Release|iPhoneSimulator
		{F5BDDED8-86C4-493B-8253-302C1410A8E2}.Release|iPhone.ActiveCfg = Release|iPhone
		{F5BDDED8-86C4-493B-8253-302C1410A8E2}.Release|iPhone.Build.0 = Release|iPhone
		{F5BDDED8-86C4-493B-8253-302C1410A8E2}.Release|iPhone.Deploy.0 = Release|iPhone
		{F5BDDED8-86C4-493B-8253-302C1410A8E2}.Release|iPhoneSimulator.ActiveCfg = Release|iPhoneSimulator
		{F5BDDED8-86C4-493B-8253-302C1410A8E2}.Release|iPhoneSimulator.Build.0 = Release|iPhoneSimulator
		{F5BDDED8-86C4-493B-8253-302C1410A8E2}.Release|iPhoneSimulator.Deploy.0 = Release|iPhoneSimulator
		{F5BDDED8-86C4-493B-8253-302C1410A8E2}.Release|x64.ActiveCfg = Release|iPhoneSimulator
		{F5BDDED8-86C4-493B-8253-302C1410A8E2}.Release|x64.Build.0 = Release|iPhoneSimulator
		{F5BDDED8-86C4-493B-8253-302C1410A8E2}.Release|x64.Deploy.0 = Release|iPhoneSimulator
		{F5BDDED8-86C4-493B-8253-302C1410A8E2}.Release|x86.ActiveCfg = Release|iPhoneSimulator
		{F5BDDED8-86C4-493B-8253-302C1410A8E2}.Release|x86.Build.0 = Release|iPhoneSimulator
		{F5BDDED8-86C4-493B-8253-302C1410A8E2}.Release|x86.Deploy.0 = Release|iPhoneSimulator
		{AFF84A3F-65A3-48E7-BB87-E163C700F85E}.Debug|Any CPU.ActiveCfg = Debug|Any CPU
		{AFF84A3F-65A3-48E7-BB87-E163C700F85E}.Debug|Any CPU.Build.0 = Debug|Any CPU
		{AFF84A3F-65A3-48E7-BB87-E163C700F85E}.Debug|Any CPU.Deploy.0 = Debug|Any CPU
		{AFF84A3F-65A3-48E7-BB87-E163C700F85E}.Debug|ARM.ActiveCfg = Debug|Any CPU
		{AFF84A3F-65A3-48E7-BB87-E163C700F85E}.Debug|ARM.Build.0 = Debug|Any CPU
		{AFF84A3F-65A3-48E7-BB87-E163C700F85E}.Debug|ARM.Deploy.0 = Debug|Any CPU
		{AFF84A3F-65A3-48E7-BB87-E163C700F85E}.Debug|iPhone.ActiveCfg = Debug|Any CPU
		{AFF84A3F-65A3-48E7-BB87-E163C700F85E}.Debug|iPhone.Build.0 = Debug|Any CPU
		{AFF84A3F-65A3-48E7-BB87-E163C700F85E}.Debug|iPhone.Deploy.0 = Debug|Any CPU
		{AFF84A3F-65A3-48E7-BB87-E163C700F85E}.Debug|iPhoneSimulator.ActiveCfg = Debug|Any CPU
		{AFF84A3F-65A3-48E7-BB87-E163C700F85E}.Debug|iPhoneSimulator.Build.0 = Debug|Any CPU
		{AFF84A3F-65A3-48E7-BB87-E163C700F85E}.Debug|iPhoneSimulator.Deploy.0 = Debug|Any CPU
		{AFF84A3F-65A3-48E7-BB87-E163C700F85E}.Debug|x64.ActiveCfg = Debug|Any CPU
		{AFF84A3F-65A3-48E7-BB87-E163C700F85E}.Debug|x64.Build.0 = Debug|Any CPU
		{AFF84A3F-65A3-48E7-BB87-E163C700F85E}.Debug|x64.Deploy.0 = Debug|Any CPU
		{AFF84A3F-65A3-48E7-BB87-E163C700F85E}.Debug|x86.ActiveCfg = Debug|Any CPU
		{AFF84A3F-65A3-48E7-BB87-E163C700F85E}.Debug|x86.Build.0 = Debug|Any CPU
		{AFF84A3F-65A3-48E7-BB87-E163C700F85E}.Debug|x86.Deploy.0 = Debug|Any CPU
		{AFF84A3F-65A3-48E7-BB87-E163C700F85E}.Release|Any CPU.ActiveCfg = Release|Any CPU
		{AFF84A3F-65A3-48E7-BB87-E163C700F85E}.Release|Any CPU.Build.0 = Release|Any CPU
		{AFF84A3F-65A3-48E7-BB87-E163C700F85E}.Release|Any CPU.Deploy.0 = Release|Any CPU
		{AFF84A3F-65A3-48E7-BB87-E163C700F85E}.Release|ARM.ActiveCfg = Release|Any CPU
		{AFF84A3F-65A3-48E7-BB87-E163C700F85E}.Release|ARM.Build.0 = Release|Any CPU
		{AFF84A3F-65A3-48E7-BB87-E163C700F85E}.Release|ARM.Deploy.0 = Release|Any CPU
		{AFF84A3F-65A3-48E7-BB87-E163C700F85E}.Release|iPhone.ActiveCfg = Release|Any CPU
		{AFF84A3F-65A3-48E7-BB87-E163C700F85E}.Release|iPhone.Build.0 = Release|Any CPU
		{AFF84A3F-65A3-48E7-BB87-E163C700F85E}.Release|iPhone.Deploy.0 = Release|Any CPU
		{AFF84A3F-65A3-48E7-BB87-E163C700F85E}.Release|iPhoneSimulator.ActiveCfg = Release|Any CPU
		{AFF84A3F-65A3-48E7-BB87-E163C700F85E}.Release|iPhoneSimulator.Build.0 = Release|Any CPU
		{AFF84A3F-65A3-48E7-BB87-E163C700F85E}.Release|iPhoneSimulator.Deploy.0 = Release|Any CPU
		{AFF84A3F-65A3-48E7-BB87-E163C700F85E}.Release|x64.ActiveCfg = Release|Any CPU
		{AFF84A3F-65A3-48E7-BB87-E163C700F85E}.Release|x64.Build.0 = Release|Any CPU
		{AFF84A3F-65A3-48E7-BB87-E163C700F85E}.Release|x64.Deploy.0 = Release|Any CPU
		{AFF84A3F-65A3-48E7-BB87-E163C700F85E}.Release|x86.ActiveCfg = Release|Any CPU
		{AFF84A3F-65A3-48E7-BB87-E163C700F85E}.Release|x86.Build.0 = Release|Any CPU
		{AFF84A3F-65A3-48E7-BB87-E163C700F85E}.Release|x86.Deploy.0 = Release|Any CPU
	EndGlobalSection
	GlobalSection(SolutionProperties) = preSolution
		HideSolutionNode = FALSE
	EndGlobalSection
	GlobalSection(ExtensibilityGlobals) = postSolution
		SolutionGuid = {8EEDA2CB-69EA-46CA-80F0-733A3A60D80F}
	EndGlobalSection
EndGlobal
